
Microsoft Visual Studio Solution File, Format Version 12.00
# Visual Studio Version 16
VisualStudioVersion = 16.0.32407.337
MinimumVisualStudioVersion = 10.0.40219.1
Project("{FAE04EC0-301F-11D3-BF4B-00C04F79EFBC}") = "BIMDesignAutomation", "BIMDesignAutomation\BIMDesignAutomation.csproj", "{21825CE0-6028-45A8-AB4C-75FA173E8185}"
	ProjectSection(ProjectDependencies) = postProject
		{A2AA90E9-AD5C-4B53-8E09-AAE362982B27} = {A2AA90E9-AD5C-4B53-8E09-AAE362982B27}
	EndProjectSection
EndProject
Project("{FAE04EC0-301F-11D3-BF4B-00C04F79EFBC}") = "CreateRoomsWithTags", "CreateRoomsWithTags\CreateRoomsWithTags.csproj", "{A2AA90E9-AD5C-4B53-8E09-AAE362982B27}"
EndProject
Global
	GlobalSection(SolutionConfigurationPlatforms) = preSolution
		Debug|Any CPU = Debug|Any CPU
		Release|Any CPU = Release|Any CPU
	EndGlobalSection
	GlobalSection(ProjectConfigurationPlatforms) = postSolution
		{21825CE0-6028-45A8-AB4C-75FA173E8185}.Debug|Any CPU.ActiveCfg = Debug|Any CPU
		{21825CE0-6028-45A8-AB4C-75FA173E8185}.Debug|Any CPU.Build.0 = Debug|Any CPU
		{21825CE0-6028-45A8-AB4C-75FA173E8185}.Release|Any CPU.ActiveCfg = Release|Any CPU
		{21825CE0-6028-45A8-AB4C-75FA173E8185}.Release|Any CPU.Build.0 = Release|Any CPU
		{A2AA90E9-AD5C-4B53-8E09-AAE362982B27}.Debug|Any CPU.ActiveCfg = Debug|Any CPU
		{A2AA90E9-AD5C-4B53-8E09-AAE362982B27}.Debug|Any CPU.Build.0 = Debug|Any CPU
		{A2AA90E9-AD5C-4B53-8E09-AAE362982B27}.Release|Any CPU.ActiveCfg = Release|Any CPU
		{A2AA90E9-AD5C-4B53-8E09-AAE362982B27}.Release|Any CPU.Build.0 = Release|Any CPU
	EndGlobalSection
	GlobalSection(SolutionProperties) = preSolution
		HideSolutionNode = FALSE
	EndGlobalSection
	GlobalSection(ExtensibilityGlobals) = postSolution
		SolutionGuid = {80A9274F-78F3-4F58-A844-D27FA9970437}
	EndGlobalSection
EndGlobal
